
Microsoft Visual Studio Solution File, Format Version 12.00
# Visual Studio Version 16
VisualStudioVersion = 25.0.1700.0
MinimumVisualStudioVersion = 10.0.40219.1
Project("{FAE04EC0-301F-11D3-BF4B-00C04F79EFBC}") = "bancoex.web", "bancoex.web\bancoex.web.csproj", "{53CBFFF1-FF90-4CA8-B44E-799053BD3F02}"
EndProject
Project("{FAE04EC0-301F-11D3-BF4B-00C04F79EFBC}") = "bancoex.core", "bancoex.core\bancoex.core.csproj", "{EB13C24A-F782-4DEA-A4DC-5C0489DB7E50}"
EndProject
Project("{FAE04EC0-301F-11D3-BF4B-00C04F79EFBC}") = "bancoex.persistencia", "bancoex.persistencia\bancoex.persistencia.csproj", "{2FB5CEED-2379-42D8-92B0-628B64816531}"
EndProject
Global
	GlobalSection(SolutionConfigurationPlatforms) = preSolution
		Debug|Any CPU = Debug|Any CPU
		Release|Any CPU = Release|Any CPU
	EndGlobalSection
	GlobalSection(ProjectConfigurationPlatforms) = postSolution
		{53CBFFF1-FF90-4CA8-B44E-799053BD3F02}.Debug|Any CPU.ActiveCfg = Debug|Any CPU
		{53CBFFF1-FF90-4CA8-B44E-799053BD3F02}.Debug|Any CPU.Build.0 = Debug|Any CPU
		{53CBFFF1-FF90-4CA8-B44E-799053BD3F02}.Release|Any CPU.ActiveCfg = Release|Any CPU
		{53CBFFF1-FF90-4CA8-B44E-799053BD3F02}.Release|Any CPU.Build.0 = Release|Any CPU
		{EB13C24A-F782-4DEA-A4DC-5C0489DB7E50}.Debug|Any CPU.ActiveCfg = Debug|Any CPU
		{EB13C24A-F782-4DEA-A4DC-5C0489DB7E50}.Debug|Any CPU.Build.0 = Debug|Any CPU
		{EB13C24A-F782-4DEA-A4DC-5C0489DB7E50}.Release|Any CPU.ActiveCfg = Release|Any CPU
		{EB13C24A-F782-4DEA-A4DC-5C0489DB7E50}.Release|Any CPU.Build.0 = Release|Any CPU
		{2FB5CEED-2379-42D8-92B0-628B64816531}.Debug|Any CPU.ActiveCfg = Debug|Any CPU
		{2FB5CEED-2379-42D8-92B0-628B64816531}.Debug|Any CPU.Build.0 = Debug|Any CPU
		{2FB5CEED-2379-42D8-92B0-628B64816531}.Release|Any CPU.ActiveCfg = Release|Any CPU
		{2FB5CEED-2379-42D8-92B0-628B64816531}.Release|Any CPU.Build.0 = Release|Any CPU
	EndGlobalSection
	GlobalSection(SolutionProperties) = preSolution
		HideSolutionNode = FALSE
	EndGlobalSection
	GlobalSection(ExtensibilityGlobals) = postSolution
		SolutionGuid = {122EBCC2-B3A8-4B71-84A0-BC2BCB42E420}
	EndGlobalSection
EndGlobal
